{
  "nodes": {
    "alejandra": {
      "inputs": {
        "flakeCompat": "flakeCompat",
        "nixpkgs": [
          "wired",
          "nixpkgs"
        ]
      },
      "locked": {
        "lastModified": 1652974241,
        "narHash": "sha256-0AolxQtKj3Oek0WSbODDpPVO5Ih8PXHOA3qXEKPB4dQ=",
        "owner": "kamadorueda",
        "repo": "alejandra",
        "rev": "0be1462419fc73270a5dc0f84f8092603890b029",
        "type": "github"
      },
      "original": {
        "owner": "kamadorueda",
        "repo": "alejandra",
        "type": "github"
      }
    },
    "base64-src": {
      "flake": false,
      "locked": {
        "lastModified": 1468170709,
        "narHash": "sha256-dt6i1j0rqH7lA+2XXp9KTEhj2GvYueyGrHh9VXBEsbw=",
        "ref": "master",
        "rev": "7d5a89229a525452e37504976a73c35fbaf2fe4d",
        "revCount": 1,
        "type": "git",
        "url": "https://gist.github.com/f0fd86b6c73063283afe550bc5d77594.git"
      },
      "original": {
        "type": "git",
        "url": "https://gist.github.com/f0fd86b6c73063283afe550bc5d77594.git"
      }
    },
    "flake-utils": {
      "locked": {
        "lastModified": 1659877975,
        "narHash": "sha256-zllb8aq3YO3h8B/U0/J1WBgAL8EX5yWf5pMj3G0NAmc=",
        "owner": "numtide",
        "repo": "flake-utils",
        "rev": "c0e246b9b83f637f4681389ecabcb2681b4f3af0",
        "type": "github"
      },
      "original": {
        "owner": "numtide",
        "repo": "flake-utils",
        "type": "github"
      }
    },
    "flakeCompat": {
      "flake": false,
      "locked": {
        "lastModified": 1648199409,
        "narHash": "sha256-JwPKdC2PoVBkG6E+eWw3j6BMR6sL3COpYWfif7RVb8Y=",
        "owner": "edolstra",
        "repo": "flake-compat",
        "rev": "64a525ee38886ab9028e6f61790de0832aa3ef03",
        "type": "github"
      },
      "original": {
        "owner": "edolstra",
        "repo": "flake-compat",
        "type": "github"
      }
    },
    "gourou-src": {
      "flake": false,
      "locked": {
        "lastModified": 1654435760,
        "narHash": "sha256-X94UbSwAp3rtioC8FCgJcOlVNZ5rvaAeIIVlKocFwus=",
        "ref": "master",
        "rev": "4f288f4e241e3cc711a10fdcf4078fd4ddfab7c2",
        "revCount": 81,
        "type": "git",
        "url": "git://soutade.fr/libgourou.git"
      },
      "original": {
        "type": "git",
        "url": "git://soutade.fr/libgourou.git"
      }
    },
    "home-manager": {
      "inputs": {
        "nixpkgs": [
          "system-config",
          "nixpkgs"
        ]
      },
      "locked": {
        "lastModified": 1656169755,
        "narHash": "sha256-Nlnm4jeQWEGjYrE6hxi/7HYHjBSZ/E0RtjCYifnNsWk=",
        "owner": "nix-community",
        "repo": "home-manager",
        "rev": "4a3d01fb53f52ac83194081272795aa4612c2381",
        "type": "github"
      },
      "original": {
        "owner": "nix-community",
        "ref": "release-22.05",
        "repo": "home-manager",
        "type": "github"
      }
    },
    "knock": {
      "inputs": {
        "base64-src": "base64-src",
        "flake-utils": "flake-utils",
        "gourou-src": "gourou-src",
        "nixpkgs": [
          "system-config",
          "nixpkgs"
        ],
        "pugixml-src": "pugixml-src",
        "updfparser-src": "updfparser-src"
      },
      "locked": {
        "lastModified": 1662251416,
        "narHash": "sha256-jMhrC8VOOLXuIAURRxikZZLlUwPsPQM22DJm0Bsf47o=",
        "owner": "BentonEdmondson",
        "repo": "knock",
        "rev": "488fcabd69ca6f9e306a3ca30ccef600209115b1",
        "type": "github"
      },
      "original": {
        "owner": "BentonEdmondson",
        "repo": "knock",
        "type": "github"
      }
    },
    "nixpkgs": {
      "locked": {
        "lastModified": 1653936696,
        "narHash": "sha256-M6bJShji9AIDZ7Kh7CPwPBPb/T7RiVev2PAcOi4fxDQ=",
        "owner": "NixOS",
        "repo": "nixpkgs",
        "rev": "ce6aa13369b667ac2542593170993504932eb836",
        "type": "github"
      },
      "original": {
        "owner": "NixOS",
        "ref": "22.05",
        "repo": "nixpkgs",
        "type": "github"
      }
    },
    "nur": {
      "locked": {
        "lastModified": 1664400119,
        "narHash": "sha256-G6gKRK9uOk7kt1uWCzmyuLB/qdQtGO8mxjs/dtTIr9A=",
        "owner": "nix-community",
        "repo": "NUR",
        "rev": "e378da2e2cd205a55a0203b91162fefba04087e6",
        "type": "github"
      },
      "original": {
        "owner": "nix-community",
        "repo": "NUR",
        "type": "github"
      }
    },
    "pugixml-src": {
      "flake": false,
      "locked": {
        "lastModified": 1644379750,
        "narHash": "sha256-FLemG9T17n6l7vgb01OmO22BK59jv5uozVHeUnILEEQ=",
        "owner": "zeux",
        "repo": "pugixml",
        "rev": "314baf6605143f1e837209008f490e8559529e1c",
        "type": "github"
      },
      "original": {
        "owner": "zeux",
        "ref": "latest",
        "repo": "pugixml",
        "type": "github"
      }
    },
    "root": {
      "inputs": {
        "home-manager": "home-manager",
        "knock": "knock",
        "nixpkgs": [
          "system-config",
          "nixpkgs"
        ],
        "nur": "nur",
        "system-config": "system-config",
        "wired": "wired"
      }
    },
    "system-config": {
      "inputs": {
        "nixpkgs": "nixpkgs",
        "waveforms": "waveforms"
      },
      "locked": {
        "lastModified": 1655253519,
        "narHash": "sha256-ToLH14zMCrn4FbeKK1rHV92F4r7U6V1w03VjxJWKTEg=",
        "type": "git",
        "url": "file:///etc/nixos"
      },
      "original": {
        "type": "git",
        "url": "file:///etc/nixos"
      }
    },
    "updfparser-src": {
      "flake": false,
      "locked": {
        "lastModified": 1647424063,
        "narHash": "sha256-9dvibKiUbbI4CrmuAaJzlpntT0XdLvdGeC2/WzjlA5U=",
        "ref": "master",
        "rev": "9d56c1d0b1ce81aae4c8db9d99a8b5d1f7967bcf",
        "revCount": 25,
        "type": "git",
        "url": "git://soutade.fr/updfparser.git"
      },
      "original": {
        "type": "git",
        "url": "git://soutade.fr/updfparser.git"
      }
    },
    "utils": {
      "locked": {
        "lastModified": 1652776076,
        "narHash": "sha256-gzTw/v1vj4dOVbpBSJX4J0DwUR6LIyXo7/SuuTJp1kM=",
        "owner": "numtide",
        "repo": "flake-utils",
        "rev": "04c1b180862888302ddfb2e3ad9eaa63afc60cf8",
        "type": "github"
      },
      "original": {
        "owner": "numtide",
        "repo": "flake-utils",
        "type": "github"
      }
    },
    "waveforms": {
      "inputs": {
        "nixpkgs": [
          "system-config",
          "nixpkgs"
        ]
      },
      "locked": {
        "lastModified": 1650227629,
        "narHash": "sha256-YDDGG9dxquBf6HpWCpoWd3weGY3tvu+yExyoWzZF0E8=",
        "owner": "liff",
        "repo": "waveforms-flake",
        "rev": "57d93dd68642d85e3960c2cd720eba9fbc67fd03",
        "type": "github"
      },
      "original": {
        "owner": "liff",
        "repo": "waveforms-flake",
        "type": "github"
      }
    },
    "wired": {
      "inputs": {
        "alejandra": "alejandra",
        "nixpkgs": [
          "system-config",
          "nixpkgs"
        ],
        "utils": "utils"
      },
      "locked": {
        "lastModified": 1664316438,
        "narHash": "sha256-tjsDGUMDXiKAMvkajpn7REm7o+42trIq1g/MqGWC/pc=",
        "owner": "Toqozz",
        "repo": "wired-notify",
        "rev": "4bb3dfff38934c47be818f497af65d1e3a01311c",
        "type": "github"
      },
      "original": {
        "owner": "Toqozz",
        "repo": "wired-notify",
        "type": "github"
      }
    }
  },
  "root": "root",
  "version": 7
}
